
Microsoft Visual Studio Solution File, Format Version 12.00
# Visual Studio Version 16
VisualStudioVersion = 16.0.29209.62
MinimumVisualStudioVersion = 10.0.40219.1
Project("{FAE04EC0-301F-11D3-BF4B-00C04F79EFBC}") = "MoshIntermediate", "MoshIntermediate\MoshIntermediate.csproj", "{DA45AAD0-B78C-4B22-B408-4B516738BEA3}"
EndProject
Project("{FAE04EC0-301F-11D3-BF4B-00C04F79EFBC}") = "testability.test", "testability.test\testability.test.csproj", "{1118BA19-26F2-4407-884B-B0874A41009A}"
EndProject
Global
	GlobalSection(SolutionConfigurationPlatforms) = preSolution
		Debug|Any CPU = Debug|Any CPU
		Release|Any CPU = Release|Any CPU
	EndGlobalSection
	GlobalSection(ProjectConfigurationPlatforms) = postSolution
		{DA45AAD0-B78C-4B22-B408-4B516738BEA3}.Debug|Any CPU.ActiveCfg = Debug|Any CPU
		{DA45AAD0-B78C-4B22-B408-4B516738BEA3}.Debug|Any CPU.Build.0 = Debug|Any CPU
		{DA45AAD0-B78C-4B22-B408-4B516738BEA3}.Release|Any CPU.ActiveCfg = Release|Any CPU
		{DA45AAD0-B78C-4B22-B408-4B516738BEA3}.Release|Any CPU.Build.0 = Release|Any CPU
		{1118BA19-26F2-4407-884B-B0874A41009A}.Debug|Any CPU.ActiveCfg = Debug|Any CPU
		{1118BA19-26F2-4407-884B-B0874A41009A}.Debug|Any CPU.Build.0 = Debug|Any CPU
		{1118BA19-26F2-4407-884B-B0874A41009A}.Release|Any CPU.ActiveCfg = Release|Any CPU
		{1118BA19-26F2-4407-884B-B0874A41009A}.Release|Any CPU.Build.0 = Release|Any CPU
	EndGlobalSection
	GlobalSection(SolutionProperties) = preSolution
		HideSolutionNode = FALSE
	EndGlobalSection
	GlobalSection(ExtensibilityGlobals) = postSolution
		SolutionGuid = {85E3CC3C-073E-4C61-9706-A4B43F9AABBE}
	EndGlobalSection
EndGlobal
